
Microsoft Visual Studio Solution File, Format Version 12.00
# Visual Studio Version 17
VisualStudioVersion = 17.0.31903.59
MinimumVisualStudioVersion = 10.0.40219.1
Project("{FAE04EC0-301F-11D3-BF4B-00C04F79EFBC}") = "Music", "Music\Music.csproj", "{1828BADB-A855-4D5F-B73F-FBDCE3127302}"
EndProject
Global
	GlobalSection(SolutionConfigurationPlatforms) = preSolution
		Debug|Any CPU = Debug|Any CPU
		Release|Any CPU = Release|Any CPU
	EndGlobalSection
	GlobalSection(ProjectConfigurationPlatforms) = postSolution
		{1828BADB-A855-4D5F-B73F-FBDCE3127302}.Debug|Any CPU.ActiveCfg = Debug|Any CPU
		{1828BADB-A855-4D5F-B73F-FBDCE3127302}.Debug|Any CPU.Build.0 = Debug|Any CPU
		{1828BADB-A855-4D5F-B73F-FBDCE3127302}.Release|Any CPU.ActiveCfg = Release|Any CPU
		{1828BADB-A855-4D5F-B73F-FBDCE3127302}.Release|Any CPU.Build.0 = Release|Any CPU
	EndGlobalSection
	GlobalSection(SolutionProperties) = preSolution
		HideSolutionNode = FALSE
	EndGlobalSection
	GlobalSection(ExtensibilityGlobals) = postSolution
		SolutionGuid = {1E76952C-8FD8-4D80-AAEE-E6C2DB4198D7}
	EndGlobalSection
EndGlobal
